dependencies:
- name: ecommerce-store-front
  repository: https://ikenom.github.io/ecommerce-store-front
  version: 0.0.13
- name: mongodb
  repository: https://charts.bitnami.com/bitnami
  version: 10.3.7
- name: rabbitmq
  repository: https://charts.bitnami.com/bitnami
  version: 8.6.4
- name: redis
  repository: https://charts.bitnami.com/bitnami
  version: 12.8.3
digest: sha256:ea71bbf02cecee3a04f9aaaa9a8794a33fd25491bc5fb79efdd1218e3bff44ad
generated: "2021-03-27T03:25:49.675708-04:00"
