dependencies:
- name: ecommerce-store-front
  repository: https://ikenom.github.io/ecommerce-store-front
  version: 0.0.14
- name: mongodb
  repository: https://charts.bitnami.com/bitnami
  version: 10.3.7
- name: rabbitmq
  repository: https://charts.bitnami.com/bitnami
  version: 8.6.4
- name: redis
  repository: https://charts.bitnami.com/bitnami
  version: 12.8.3
digest: sha256:2589a50eb6ab0676310ab432682ff54155fdf046812c97593c4949fa6dba3d5e
generated: "2021-03-28T02:20:24.46275699Z"
