dependencies:
- name: ecommerce-store-front
  repository: https://ikenom.github.io/ecommerce-store-front
  version: 0.0.20
- name: mongodb
  repository: https://charts.bitnami.com/bitnami
  version: 10.3.7
- name: rabbitmq
  repository: https://charts.bitnami.com/bitnami
  version: 8.6.4
- name: redis
  repository: https://charts.bitnami.com/bitnami
  version: 12.8.3
digest: sha256:836a35a55fb4d4d2d6c486a43b58a53b722d7ae67f1f5356516e94a9d41e27c9
generated: "2021-03-28T03:00:48.063236-04:00"
